<?xml version="1.0" encoding="utf-8"?>
<Project ToolsVersion="4.0" xmlns="http://schemas.microsoft.com/developer/msbuild/2003">
  <ItemGroup>
    <Filter Include="Исходные файлы">
      <UniqueIdentifier>{4FC737F1-C7A5-4376-A066-2A32D752A2FF}</UniqueIdentifier>
      <Extensions>cpp;c;cc;cxx;c++;cppm;ixx;def;odl;idl;hpj;bat;asm;asmx</Extensions>
    </Filter>
    <Filter Include="Файлы заголовков">
      <UniqueIdentifier>{93995380-89BD-4b04-88EB-625FBE52EBFB}</UniqueIdentifier>
      <Extensions>h;hh;hpp;hxx;h++;hm;inl;inc;ipp;xsd</Extensions>
    </Filter>
    <Filter Include="Файлы ресурсов">
      <UniqueIdentifier>{67DA6AB6-F800-4c08-8B7A-83BB121AAD01}</UniqueIdentifier>
      <Extensions>rc;ico;cur;bmp;dlg;rc2;rct;bin;rgs;gif;jpg;jpeg;jpe;resx;tiff;tif;png;wav;mfcribbon-ms</Extensions>
    </Filter>
    <Filter Include="imgui">
      <UniqueIdentifier>{1d7dcbf9-bd11-47ab-ad22-28baf7d5d0d4}</UniqueIdentifier>
    </Filter>
    <Filter Include="DXUT">
      <UniqueIdentifier>{35cc1bbd-721c-41d6-81a8-21fefeaeadc7}</UniqueIdentifier>
    </Filter>
  </ItemGroup>
  <ItemGroup>
    <ClCompile Include="main.cpp">
      <Filter>Исходные файлы</Filter>
    </ClCompile>
    <ClCompile Include="CRender.cpp">
      <Filter>Исходные файлы</Filter>
    </ClCompile>
    <ClCompile Include="CGame.cpp">
      <Filter>Исходные файлы</Filter>
    </ClCompile>
    <ClCompile Include="d3drender.cpp">
      <Filter>Исходные файлы</Filter>
    </ClCompile>
    <ClCompile Include="ocornut\imgui\imgui.cpp">
      <Filter>imgui</Filter>
    </ClCompile>
    <ClCompile Include="ocornut\imgui\imgui_draw.cpp">
      <Filter>imgui</Filter>
    </ClCompile>
    <ClCompile Include="ocornut\imgui\imgui_impl_dx9.cpp">
      <Filter>imgui</Filter>
    </ClCompile>
    <ClCompile Include="ocornut\imgui\imgui_impl_win32.cpp">
      <Filter>imgui</Filter>
    </ClCompile>
    <ClCompile Include="ocornut\imgui\imgui_stdlib.cpp">
      <Filter>imgui</Filter>
    </ClCompile>
    <ClCompile Include="ocornut\imgui\imgui_tables.cpp">
      <Filter>imgui</Filter>
    </ClCompile>
    <ClCompile Include="ocornut\imgui\imgui_widgets.cpp">
      <Filter>imgui</Filter>
    </ClCompile>
    <ClCompile Include="ocornut\imgui\imgui_demo.cpp">
      <Filter>imgui</Filter>
    </ClCompile>
    <ClCompile Include="CLanguage.cpp">
      <Filter>Исходные файлы</Filter>
    </ClCompile>
    <ClCompile Include="CLog.cpp">
      <Filter>Исходные файлы</Filter>
    </ClCompile>
  </ItemGroup>
  <ItemGroup>
    <ClInclude Include="main.h">
      <Filter>Файлы заголовков</Filter>
    </ClInclude>
    <ClInclude Include="CRender.h">
      <Filter>Файлы заголовков</Filter>
    </ClInclude>
    <ClInclude Include="CGame.h">
      <Filter>Файлы заголовков</Filter>
    </ClInclude>
    <ClInclude Include="d3drender.h">
      <Filter>Файлы заголовков</Filter>
    </ClInclude>
    <ClInclude Include="ocornut\imgui\imgui.h">
      <Filter>imgui</Filter>
    </ClInclude>
    <ClInclude Include="ocornut\imgui\imgui_impl_dx9.h">
      <Filter>imgui</Filter>
    </ClInclude>
    <ClInclude Include="ocornut\imgui\imgui_impl_win32.h">
      <Filter>imgui</Filter>
    </ClInclude>
    <ClInclude Include="ocornut\imgui\imgui_internal.h">
      <Filter>imgui</Filter>
    </ClInclude>
    <ClInclude Include="ocornut\imgui\imgui_stdlib.h">
      <Filter>imgui</Filter>
    </ClInclude>
    <ClInclude Include="ocornut\imgui\imstb_rectpack.h">
      <Filter>imgui</Filter>
    </ClInclude>
    <ClInclude Include="ocornut\imgui\imstb_textedit.h">
      <Filter>imgui</Filter>
    </ClInclude>
    <ClInclude Include="ocornut\imgui\imstb_truetype.h">
      <Filter>imgui</Filter>
    </ClInclude>
    <ClInclude Include="CLanguage.h">
      <Filter>Файлы заголовков</Filter>
    </ClInclude>
    <ClInclude Include="CLog.h">
      <Filter>Файлы заголовков</Filter>
    </ClInclude>
    <ClInclude Include="resource.h">
      <Filter>Файлы заголовков</Filter>
    </ClInclude>
    <ClInclude Include="DXUT\Core\DXUT.h">
      <Filter>DXUT</Filter>
    </ClInclude>
    <ClInclude Include="DXUT\Core\DXUTenum.h">
      <Filter>DXUT</Filter>
    </ClInclude>
    <ClInclude Include="DXUT\Core\DXUTmisc.h">
      <Filter>DXUT</Filter>
    </ClInclude>
    <ClInclude Include="DXUT\Optional\DXUTcamera.h">
      <Filter>DXUT</Filter>
    </ClInclude>
    <ClInclude Include="DXUT\Optional\DXUTgui.h">
      <Filter>DXUT</Filter>
    </ClInclude>
    <ClInclude Include="DXUT\Optional\DXUTguiIME.h">
      <Filter>DXUT</Filter>
    </ClInclude>
    <ClInclude Include="DXUT\Optional\DXUTLockFreePipe.h">
      <Filter>DXUT</Filter>
    </ClInclude>
    <ClInclude Include="DXUT\Optional\DXUTres.h">
      <Filter>DXUT</Filter>
    </ClInclude>
    <ClInclude Include="DXUT\Optional\DXUTsettingsdlg.h">
      <Filter>DXUT</Filter>
    </ClInclude>
    <ClInclude Include="DXUT\Optional\DXUTShapes.h">
      <Filter>DXUT</Filter>
    </ClInclude>
    <ClInclude Include="DXUT\Optional\ImeUi.h">
      <Filter>DXUT</Filter>
    </ClInclude>
    <ClInclude Include="DXUT\Optional\SDKmesh.h">
      <Filter>DXUT</Filter>
    </ClInclude>
    <ClInclude Include="DXUT\Optional\SDKmisc.h">
      <Filter>DXUT</Filter>
    </ClInclude>
    <ClInclude Include="DXUT\Optional\SDKsound.h">
      <Filter>DXUT</Filter>
    </ClInclude>
    <ClInclude Include="DXUT\Optional\SDKwavefile.h">
      <Filter>DXUT</Filter>
    </ClInclude>
  </ItemGroup>
  <ItemGroup>
    <ResourceCompile Include="Snake.rc">
      <Filter>Файлы ресурсов</Filter>
    </ResourceCompile>
  </ItemGroup>
</Project>