
Microsoft Visual Studio Solution File, Format Version 12.00
# Visual Studio Version 16
VisualStudioVersion = 16.0.32002.261
MinimumVisualStudioVersion = 10.0.40219.1
Project("{8BC9CEB8-8B4A-11D0-8D11-00A0C91BC942}") = "Snake", "Snake.vcxproj", "{65C0D20E-76CC-43AF-9464-66DF0A83FAFF}"
EndProject
Project("{8BC9CEB8-8B4A-11D0-8D11-00A0C91BC942}") = "SnakeRender", "SnakeRender\SnakeRender.vcxproj", "{708521BD-B7CF-4178-AB9B-339CED16BCF5}"
EndProject
Project("{8BC9CEB8-8B4A-11D0-8D11-00A0C91BC942}") = "DXUT", "DXUT\Core\DXUT_2010.vcxproj", "{E0CF097B-F22D-465B-A884-D89E55BD7ECD}"
EndProject
Project("{8BC9CEB8-8B4A-11D0-8D11-00A0C91BC942}") = "DXUTOpt", "DXUT\Optional\DXUTOpt_2010.vcxproj", "{9F64786D-4F8F-43BF-ADA0-133ABAE1E52D}"
EndProject
Global
	GlobalSection(SolutionConfigurationPlatforms) = preSolution
		Debug|x64 = Debug|x64
		Debug|x86 = Debug|x86
		Profile|x64 = Profile|x64
		Profile|x86 = Profile|x86
		Release|x64 = Release|x64
		Release|x86 = Release|x86
	EndGlobalSection
	GlobalSection(ProjectConfigurationPlatforms) = postSolution
		{65C0D20E-76CC-43AF-9464-66DF0A83FAFF}.Debug|x64.ActiveCfg = Debug|x64
		{65C0D20E-76CC-43AF-9464-66DF0A83FAFF}.Debug|x64.Build.0 = Debug|x64
		{65C0D20E-76CC-43AF-9464-66DF0A83FAFF}.Debug|x86.ActiveCfg = Debug|Win32
		{65C0D20E-76CC-43AF-9464-66DF0A83FAFF}.Debug|x86.Build.0 = Debug|Win32
		{65C0D20E-76CC-43AF-9464-66DF0A83FAFF}.Profile|x64.ActiveCfg = Release|x64
		{65C0D20E-76CC-43AF-9464-66DF0A83FAFF}.Profile|x64.Build.0 = Release|x64
		{65C0D20E-76CC-43AF-9464-66DF0A83FAFF}.Profile|x86.ActiveCfg = Release|Win32
		{65C0D20E-76CC-43AF-9464-66DF0A83FAFF}.Profile|x86.Build.0 = Release|Win32
		{65C0D20E-76CC-43AF-9464-66DF0A83FAFF}.Release|x64.ActiveCfg = Release|x64
		{65C0D20E-76CC-43AF-9464-66DF0A83FAFF}.Release|x64.Build.0 = Release|x64
		{65C0D20E-76CC-43AF-9464-66DF0A83FAFF}.Release|x86.ActiveCfg = Release|Win32
		{65C0D20E-76CC-43AF-9464-66DF0A83FAFF}.Release|x86.Build.0 = Release|Win32
		{708521BD-B7CF-4178-AB9B-339CED16BCF5}.Debug|x64.ActiveCfg = Debug|x64
		{708521BD-B7CF-4178-AB9B-339CED16BCF5}.Debug|x64.Build.0 = Debug|x64
		{708521BD-B7CF-4178-AB9B-339CED16BCF5}.Debug|x86.ActiveCfg = Debug|Win32
		{708521BD-B7CF-4178-AB9B-339CED16BCF5}.Debug|x86.Build.0 = Debug|Win32
		{708521BD-B7CF-4178-AB9B-339CED16BCF5}.Profile|x64.ActiveCfg = Release|x64
		{708521BD-B7CF-4178-AB9B-339CED16BCF5}.Profile|x64.Build.0 = Release|x64
		{708521BD-B7CF-4178-AB9B-339CED16BCF5}.Profile|x86.ActiveCfg = Release|Win32
		{708521BD-B7CF-4178-AB9B-339CED16BCF5}.Profile|x86.Build.0 = Release|Win32
		{708521BD-B7CF-4178-AB9B-339CED16BCF5}.Release|x64.ActiveCfg = Release|x64
		{708521BD-B7CF-4178-AB9B-339CED16BCF5}.Release|x64.Build.0 = Release|x64
		{708521BD-B7CF-4178-AB9B-339CED16BCF5}.Release|x86.ActiveCfg = Release|Win32
		{708521BD-B7CF-4178-AB9B-339CED16BCF5}.Release|x86.Build.0 = Release|Win32
		{E0CF097B-F22D-465B-A884-D89E55BD7ECD}.Debug|x64.ActiveCfg = Debug|x64
		{E0CF097B-F22D-465B-A884-D89E55BD7ECD}.Debug|x64.Build.0 = Debug|x64
		{E0CF097B-F22D-465B-A884-D89E55BD7ECD}.Debug|x86.ActiveCfg = Debug|Win32
		{E0CF097B-F22D-465B-A884-D89E55BD7ECD}.Debug|x86.Build.0 = Debug|Win32
		{E0CF097B-F22D-465B-A884-D89E55BD7ECD}.Profile|x64.ActiveCfg = Profile|x64
		{E0CF097B-F22D-465B-A884-D89E55BD7ECD}.Profile|x64.Build.0 = Profile|x64
		{E0CF097B-F22D-465B-A884-D89E55BD7ECD}.Profile|x86.ActiveCfg = Profile|Win32
		{E0CF097B-F22D-465B-A884-D89E55BD7ECD}.Profile|x86.Build.0 = Profile|Win32
		{E0CF097B-F22D-465B-A884-D89E55BD7ECD}.Release|x64.ActiveCfg = Release|x64
		{E0CF097B-F22D-465B-A884-D89E55BD7ECD}.Release|x64.Build.0 = Release|x64
		{E0CF097B-F22D-465B-A884-D89E55BD7ECD}.Release|x86.ActiveCfg = Release|Win32
		{E0CF097B-F22D-465B-A884-D89E55BD7ECD}.Release|x86.Build.0 = Release|Win32
		{9F64786D-4F8F-43BF-ADA0-133ABAE1E52D}.Debug|x64.ActiveCfg = Debug|x64
		{9F64786D-4F8F-43BF-ADA0-133ABAE1E52D}.Debug|x64.Build.0 = Debug|x64
		{9F64786D-4F8F-43BF-ADA0-133ABAE1E52D}.Debug|x86.ActiveCfg = Debug|Win32
		{9F64786D-4F8F-43BF-ADA0-133ABAE1E52D}.Debug|x86.Build.0 = Debug|Win32
		{9F64786D-4F8F-43BF-ADA0-133ABAE1E52D}.Profile|x64.ActiveCfg = Profile|x64
		{9F64786D-4F8F-43BF-ADA0-133ABAE1E52D}.Profile|x64.Build.0 = Profile|x64
		{9F64786D-4F8F-43BF-ADA0-133ABAE1E52D}.Profile|x86.ActiveCfg = Profile|Win32
		{9F64786D-4F8F-43BF-ADA0-133ABAE1E52D}.Profile|x86.Build.0 = Profile|Win32
		{9F64786D-4F8F-43BF-ADA0-133ABAE1E52D}.Release|x64.ActiveCfg = Release|x64
		{9F64786D-4F8F-43BF-ADA0-133ABAE1E52D}.Release|x64.Build.0 = Release|x64
		{9F64786D-4F8F-43BF-ADA0-133ABAE1E52D}.Release|x86.ActiveCfg = Release|Win32
		{9F64786D-4F8F-43BF-ADA0-133ABAE1E52D}.Release|x86.Build.0 = Release|Win32
	EndGlobalSection
	GlobalSection(SolutionProperties) = preSolution
		HideSolutionNode = FALSE
	EndGlobalSection
	GlobalSection(ExtensibilityGlobals) = postSolution
		SolutionGuid = {8321883E-CB79-49A8-9ACD-640468E33445}
	EndGlobalSection
EndGlobal
